github.com/squeeze69/codicefiscale v1.0.4 h1:XBIQ56ka+20tkbutgSafWWpoBXVOmCUNDDrhxr5dpUs=
github.com/squeeze69/codicefiscale v1.0.4/go.mod h1:gGuzeVg01R3dMZ/dpr2raPhrwnHQvuOoqg3ex7DpGT4=
golang.org/x/text v0.24.0 h1:dd5Bzh4yt5KYA8f9CJHCP4FB4D51c2c6JvN37xJJkJ0=
golang.org/x/text v0.24.0/go.mod h1:L8rBsPeo2pSS+xqN0d5u2ikmjtmoJbDBT1b7nHvFCdU=
